{
  "nodes": {
    "adwaita-for-steam": {
      "flake": false,
      "locked": {
        "lastModified": 1785363595,
        "narHash": "sha256-wH0z2LZ94j5ErRI40f9IRBJXJ6yuL+NLgjmj9G8odxU=",
        "owner": "tkashkin",
        "repo": "Adwaita-for-Steam",
        "rev": "1e92107a51f6ed53c59c38646444c9eb3a52b030",
        "type": "github"
      },
      "original": {
        "owner": "tkashkin",
        "repo": "Adwaita-for-Steam",
        "type": "github"
      }
    },
    "bazaar-companion": {
      "flake": false,
      "locked": {
        "lastModified": 1775232821,
        "narHash": "sha256-Z2WQ6uQqlU2z9DLtZ8s258A8+bASk7453yuwOK9OrII=",
        "owner": "bazaar-org",
        "repo": "bazaar-companion",
        "rev": "3bb9134985343ffd1993520eb37c90e113bfb09b",
        "type": "github"
      },
      "original": {
        "owner": "bazaar-org",
        "repo": "bazaar-companion",
        "type": "github"
      }
    },
    "crane": {
      "locked": {
        "lastModified": 1781825982,
        "narHash": "sha256-SlXKwIRIhrOSAcTjCB3ftPLzJWZStQIPS7J1FlZPnKk=",
        "owner": "ipetkov",
        "repo": "crane",
        "rev": "469fd08d0bcf6926321fa973c6777fbc87785dd7",
        "type": "github"
      },
      "original": {
        "owner": "ipetkov",
        "repo": "crane",
        "type": "github"
      }
    },
    "dotfiles": {
      "inputs": {
        "home-manager": [
          "home-manager"
        ],
        "nixpkgs": [
          "nixpkgs"
        ]
      },
      "locked": {
        "lastModified": 1790873029,
        "narHash": "sha256-V+A2Rd84Cgfbn3ifLVNMzI6tKcdppZ4erAAvbGtbxAY=",
        "owner": "GooseRooster",
        "repo": "home-manager",
        "rev": "4757cdbf8b00ba83b94af6258966d18380568d42",
        "type": "github"
      },
      "original": {
        "owner": "GooseRooster",
        "repo": "home-manager",
        "type": "github"
      }
    },
    "flake-compat": {
      "flake": false,
      "locked": {
        "lastModified": 1767039857,
        "narHash": "sha256-vNpUSpF5Nuw8xvDLj2KCwwksIbjua2LZCqhV1LNRDns=",
        "owner": "NixOS",
        "repo": "flake-compat",
        "rev": "5edf11c44bc78a0d334f6334cdaf7d60d732daab",
        "type": "github"
      },
      "original": {
        "owner": "NixOS",
        "repo": "flake-compat",
        "type": "github"
      }
    },
    "gitignore": {
      "inputs": {
        "nixpkgs": [
          "lanzaboote",
          "pre-commit",
          "nixpkgs"
        ]
      },
      "locked": {
        "lastModified": 1709087332,
        "narHash": "sha256-HG2cCnktfHsKV0s4XW83gU3F57gaTljL9KNSuG6bnQs=",
        "owner": "hercules-ci",
        "repo": "gitignore.nix",
        "rev": "637db329424fd7e46cf4185293b9cc8c88c95394",
        "type": "github"
      },
      "original": {
        "owner": "hercules-ci",
        "repo": "gitignore.nix",
        "type": "github"
      }
    },
    "gnomad": {
      "inputs": {
        "nixpkgs": [
          "nixpkgs"
        ]
      },
      "locked": {
        "lastModified": 1790509137,
        "narHash": "sha256-jAEe+bcaSsbNpQdzOstBkjcvuEZ4A0zMrsFViMOxYhg=",
        "owner": "GooseRooster",
        "repo": "gnomad",
        "rev": "45ea34b626ed862a6857da68fb7421c003e94f58",
        "type": "github"
      },
      "original": {
        "owner": "GooseRooster",
        "repo": "gnomad",
        "type": "github"
      }
    },
    "gradia-capture": {
      "flake": false,
      "locked": {
        "lastModified": 1787405741,
        "narHash": "sha256-XruZoUTbDT/qOPmFj5/CyvQfhH6Tg0IqJ4JPVMiu5zQ=",
        "owner": "AlexanderVanhee",
        "repo": "gradia-capture",
        "rev": "f70a2127d0a9acc3c9d4d8198361fc9f4e14818f",
        "type": "github"
      },
      "original": {
        "owner": "AlexanderVanhee",
        "repo": "gradia-capture",
        "type": "github"
      }
    },
    "hatter": {
      "flake": false,
      "locked": {
        "lastModified": 1789219906,
        "narHash": "sha256-ubm188RgDXKnnUn8GNOdXndeyU/6y2O+CqQs/1+eFqs=",
        "owner": "Mibea",
        "repo": "Hatter",
        "rev": "e2be38b856d55bfa578a51c5c7c36c41528982e9",
        "type": "github"
      },
      "original": {
        "owner": "Mibea",
        "repo": "Hatter",
        "type": "github"
      }
    },
    "home-manager": {
      "inputs": {
        "nixpkgs": [
          "nixpkgs"
        ]
      },
      "locked": {
        "lastModified": 1790819692,
        "narHash": "sha256-rvubAPbh3QCliic3sAK+CXTrPCGgJstY52OTs/5H1J4=",
        "owner": "nix-community",
        "repo": "home-manager",
        "rev": "c8ecc29e5175452bee4a2aa1ba2383856d795338",
        "type": "github"
      },
      "original": {
        "owner": "nix-community",
        "repo": "home-manager",
        "type": "github"
      }
    },
    "lanzaboote": {
      "inputs": {
        "crane": "crane",
        "nixpkgs": [
          "nixpkgs"
        ],
        "pre-commit": "pre-commit",
        "rust-overlay": "rust-overlay"
      },
      "locked": {
        "lastModified": 1782141370,
        "narHash": "sha256-hqijVSEETttmo8Okql9/LG0Ua34hdciKW1a5zzlj8mU=",
        "owner": "nix-community",
        "repo": "lanzaboote",
        "rev": "7c9a54a7f87b4539ddbd8bda09a8a5f5f9361aa9",
        "type": "github"
      },
      "original": {
        "owner": "nix-community",
        "ref": "v1.1.0",
        "repo": "lanzaboote",
        "type": "github"
      }
    },
    "nix-flatpak": {
      "locked": {
        "lastModified": 1767983141,
        "narHash": "sha256-7ZCulYUD9RmJIDULTRkGLSW1faMpDlPKcbWJLYHoXcs=",
        "owner": "gmodena",
        "repo": "nix-flatpak",
        "rev": "440818969ac2cbd77bfe025e884d0aa528991374",
        "type": "github"
      },
      "original": {
        "owner": "gmodena",
        "ref": "latest",
        "repo": "nix-flatpak",
        "type": "github"
      }
    },
    "nixpkgs": {
      "locked": {
        "lastModified": 1790822859,
        "narHash": "sha256-69xHQhAeMAD2wDXO7T2pcOZIF9Sga2W+JkmY2a11Ops=",
        "owner": "nixos",
        "repo": "nixpkgs",
        "rev": "c59305bab2065cfecc4944690d9eedbb56f3a9fa",
        "type": "github"
      },
      "original": {
        "owner": "nixos",
        "ref": "nixos-unstable",
        "repo": "nixpkgs",
        "type": "github"
      }
    },
    "noctalia": {
      "inputs": {
        "nixpkgs": [
          "nixpkgs"
        ]
      },
      "locked": {
        "lastModified": 1790857470,
        "narHash": "sha256-EalyF5nWDS6xui58LC131oez7gZWcaO6P5bClDCVD6U=",
        "owner": "noctalia-dev",
        "repo": "noctalia",
        "rev": "30415127e6c864212c61804a531a018980718b1f",
        "type": "github"
      },
      "original": {
        "owner": "noctalia-dev",
        "repo": "noctalia",
        "type": "github"
      }
    },
    "nowplaying-card": {
      "flake": false,
      "locked": {
        "lastModified": 1790761328,
        "narHash": "sha256-O70MrJEq3zhjaQfdbkhSSdkrsIdXtqPgi69wINXBlek=",
        "owner": "epogonii",
        "repo": "nowplaying-card",
        "rev": "260057f50f6ca1212a470fef643abe09c60f2150",
        "type": "github"
      },
      "original": {
        "owner": "epogonii",
        "repo": "nowplaying-card",
        "type": "github"
      }
    },
    "paperwm": {
      "flake": false,
      "locked": {
        "lastModified": 1789969259,
        "narHash": "sha256-UkyGrezAt9GFoMLW6T3uZIrF+KzelBDKxSCyGP87wjc=",
        "owner": "paperwm",
        "repo": "PaperWM",
        "rev": "01c5950cbb8847e32f614eded26b3cb38f25e919",
        "type": "github"
      },
      "original": {
        "owner": "paperwm",
        "ref": "develop",
        "repo": "PaperWM",
        "type": "github"
      }
    },
    "pre-commit": {
      "inputs": {
        "flake-compat": "flake-compat",
        "gitignore": "gitignore",
        "nixpkgs": [
          "lanzaboote",
          "nixpkgs"
        ]
      },
      "locked": {
        "lastModified": 1781733627,
        "narHash": "sha256-U3yTuGBnmXvXoQI3qkpfEDsn9RovQPAjN7ndRco+3u0=",
        "owner": "cachix",
        "repo": "pre-commit-hooks.nix",
        "rev": "3bbec39bc90eadfa031e6f3b77272f3f60803e39",
        "type": "github"
      },
      "original": {
        "owner": "cachix",
        "repo": "pre-commit-hooks.nix",
        "type": "github"
      }
    },
    "root": {
      "inputs": {
        "adwaita-for-steam": "adwaita-for-steam",
        "bazaar-companion": "bazaar-companion",
        "dotfiles": "dotfiles",
        "gnomad": "gnomad",
        "gradia-capture": "gradia-capture",
        "hatter": "hatter",
        "home-manager": "home-manager",
        "lanzaboote": "lanzaboote",
        "nix-flatpak": "nix-flatpak",
        "nixpkgs": "nixpkgs",
        "noctalia": "noctalia",
        "nowplaying-card": "nowplaying-card",
        "paperwm": "paperwm",
        "zen-browser": "zen-browser"
      }
    },
    "rust-overlay": {
      "inputs": {
        "nixpkgs": [
          "lanzaboote",
          "nixpkgs"
        ]
      },
      "locked": {
        "lastModified": 1782012058,
        "narHash": "sha256-9mWUnReOUXfKjZuJAL/bAFH3LUyECTRtXgSNVjRw3UY=",
        "owner": "oxalica",
        "repo": "rust-overlay",
        "rev": "8534567325bd8a8d2928e6afd81e0a87d19efd3c",
        "type": "github"
      },
      "original": {
        "owner": "oxalica",
        "repo": "rust-overlay",
        "type": "github"
      }
    },
    "zen-browser": {
      "inputs": {
        "home-manager": [
          "home-manager"
        ],
        "nixpkgs": [
          "nixpkgs"
        ]
      },
      "locked": {
        "lastModified": 1790843055,
        "narHash": "sha256-rTDYMyiKgVNiL7sAc2LMr7zw3n3eC5YR+IGblzDdQQk=",
        "owner": "0xc000022070",
        "repo": "zen-browser-flake",
        "rev": "a2cb59515204ebe895f73cce387b811a78b3c032",
        "type": "github"
      },
      "original": {
        "owner": "0xc000022070",
        "repo": "zen-browser-flake",
        "type": "github"
      }
    }
  },
  "root": "root",
  "version": 7
}
