{
  "nodes": {
    "bazaar-companion": {
      "flake": false,
      "locked": {
        "lastModified": 1775232821,
        "narHash": "sha256-Z2WQ6uQqlU2z9DLtZ8s258A8+bASk7453yuwOK9OrII=",
        "owner": "bazaar-org",
        "repo": "bazaar-companion",
        "rev": "3bb9134985343ffd1993520eb37c90e113bfb09b",
        "type": "github"
      },
      "original": {
        "owner": "bazaar-org",
        "repo": "bazaar-companion",
        "type": "github"
      }
    },
    "cli": {
      "inputs": {
        "nixpkgs": [
          "nixpkgs"
        ]
      },
      "locked": {
        "lastModified": 1787493160,
        "narHash": "sha256-zTU3px5E3XS1e6M8yYTc0UyNvisBsnPJzu24PgbK6xI=",
        "owner": "GooseRooster",
        "repo": "nix-cli",
        "rev": "6da86849744dd620f1e1756bf1625370efc4028a",
        "type": "github"
      },
      "original": {
        "owner": "GooseRooster",
        "repo": "nix-cli",
        "type": "github"
      }
    },
    "crane": {
      "locked": {
        "lastModified": 1781825982,
        "narHash": "sha256-SlXKwIRIhrOSAcTjCB3ftPLzJWZStQIPS7J1FlZPnKk=",
        "owner": "ipetkov",
        "repo": "crane",
        "rev": "469fd08d0bcf6926321fa973c6777fbc87785dd7",
        "type": "github"
      },
      "original": {
        "owner": "ipetkov",
        "repo": "crane",
        "type": "github"
      }
    },
    "dotfiles": {
      "inputs": {
        "home-manager": [
          "home-manager"
        ],
        "nix-cli": [
          "cli"
        ],
        "nixpkgs": [
          "nixpkgs"
        ]
      },
      "locked": {
        "lastModified": 1787512490,
        "narHash": "sha256-qu+CON1OTC28l+8RlrBwFkmg1vrQgTGGV2O2nns166Q=",
        "owner": "GooseRooster",
        "repo": "home-manager",
        "rev": "6ab689f9d0c54fe8fbd329092be97b6e4dbdceb6",
        "type": "github"
      },
      "original": {
        "owner": "GooseRooster",
        "repo": "home-manager",
        "type": "github"
      }
    },
    "flake-compat": {
      "flake": false,
      "locked": {
        "lastModified": 1767039857,
        "narHash": "sha256-vNpUSpF5Nuw8xvDLj2KCwwksIbjua2LZCqhV1LNRDns=",
        "owner": "NixOS",
        "repo": "flake-compat",
        "rev": "5edf11c44bc78a0d334f6334cdaf7d60d732daab",
        "type": "github"
      },
      "original": {
        "owner": "NixOS",
        "repo": "flake-compat",
        "type": "github"
      }
    },
    "flake-compat_2": {
      "flake": false,
      "locked": {
        "lastModified": 1767039857,
        "narHash": "sha256-vNpUSpF5Nuw8xvDLj2KCwwksIbjua2LZCqhV1LNRDns=",
        "owner": "NixOS",
        "repo": "flake-compat",
        "rev": "5edf11c44bc78a0d334f6334cdaf7d60d732daab",
        "type": "github"
      },
      "original": {
        "owner": "NixOS",
        "repo": "flake-compat",
        "type": "github"
      }
    },
    "flake-parts": {
      "inputs": {
        "nixpkgs-lib": "nixpkgs-lib"
      },
      "locked": {
        "lastModified": 1785627969,
        "narHash": "sha256-4dtXQk/NMePegK/nWp5NSeuZKLATItOq61lpEvmXqGw=",
        "owner": "hercules-ci",
        "repo": "flake-parts",
        "rev": "427bf4bd9435fdf21321c8cc628c24efc14c0f7a",
        "type": "github"
      },
      "original": {
        "owner": "hercules-ci",
        "repo": "flake-parts",
        "type": "github"
      }
    },
    "gitignore": {
      "inputs": {
        "nixpkgs": [
          "lanzaboote",
          "pre-commit",
          "nixpkgs"
        ]
      },
      "locked": {
        "lastModified": 1709087332,
        "narHash": "sha256-HG2cCnktfHsKV0s4XW83gU3F57gaTljL9KNSuG6bnQs=",
        "owner": "hercules-ci",
        "repo": "gitignore.nix",
        "rev": "637db329424fd7e46cf4185293b9cc8c88c95394",
        "type": "github"
      },
      "original": {
        "owner": "hercules-ci",
        "repo": "gitignore.nix",
        "type": "github"
      }
    },
    "gnomad": {
      "inputs": {
        "nixpkgs": [
          "nixpkgs"
        ]
      },
      "locked": {
        "lastModified": 1787335254,
        "narHash": "sha256-5ATUT9gLur7x+y9pMyB5KamQG01A1hsfJPLVqXoc1dA=",
        "owner": "GooseRooster",
        "repo": "gnomad",
        "rev": "bb7b5fe2055aa72c34647ec358c46ed2c07e71cd",
        "type": "github"
      },
      "original": {
        "owner": "GooseRooster",
        "repo": "gnomad",
        "type": "github"
      }
    },
    "gradia-capture": {
      "flake": false,
      "locked": {
        "lastModified": 1787405741,
        "narHash": "sha256-XruZoUTbDT/qOPmFj5/CyvQfhH6Tg0IqJ4JPVMiu5zQ=",
        "owner": "AlexanderVanhee",
        "repo": "gradia-capture",
        "rev": "f70a2127d0a9acc3c9d4d8198361fc9f4e14818f",
        "type": "github"
      },
      "original": {
        "owner": "AlexanderVanhee",
        "repo": "gradia-capture",
        "type": "github"
      }
    },
    "home-manager": {
      "inputs": {
        "nixpkgs": [
          "nixpkgs"
        ]
      },
      "locked": {
        "lastModified": 1787487906,
        "narHash": "sha256-zIdM+8teujHm5hc5MIPDnV7k2UeOOT/pFyFtWjOCwsY=",
        "owner": "nix-community",
        "repo": "home-manager",
        "rev": "cfba7ad5886b342b8dd63ba74354b3853ea4cfc9",
        "type": "github"
      },
      "original": {
        "owner": "nix-community",
        "repo": "home-manager",
        "type": "github"
      }
    },
    "lanzaboote": {
      "inputs": {
        "crane": "crane",
        "nixpkgs": [
          "nixpkgs"
        ],
        "pre-commit": "pre-commit",
        "rust-overlay": "rust-overlay"
      },
      "locked": {
        "lastModified": 1782141370,
        "narHash": "sha256-hqijVSEETttmo8Okql9/LG0Ua34hdciKW1a5zzlj8mU=",
        "owner": "nix-community",
        "repo": "lanzaboote",
        "rev": "7c9a54a7f87b4539ddbd8bda09a8a5f5f9361aa9",
        "type": "github"
      },
      "original": {
        "owner": "nix-community",
        "ref": "v1.1.0",
        "repo": "lanzaboote",
        "type": "github"
      }
    },
    "nix-cachyos-kernel": {
      "inputs": {
        "flake-compat": "flake-compat_2",
        "flake-parts": "flake-parts",
        "nixpkgs": "nixpkgs"
      },
      "locked": {
        "lastModified": 1787421204,
        "narHash": "sha256-8Tlb8D07EvNJ37S7wPYn/+lZ/eBRIvfLvrne3pvjd2A=",
        "owner": "xddxdd",
        "repo": "nix-cachyos-kernel",
        "rev": "8b175fd266e94395ee7b1edc4578f7c8ecc74626",
        "type": "github"
      },
      "original": {
        "owner": "xddxdd",
        "ref": "release",
        "repo": "nix-cachyos-kernel",
        "type": "github"
      }
    },
    "nix-flatpak": {
      "locked": {
        "lastModified": 1767983141,
        "narHash": "sha256-7ZCulYUD9RmJIDULTRkGLSW1faMpDlPKcbWJLYHoXcs=",
        "owner": "gmodena",
        "repo": "nix-flatpak",
        "rev": "440818969ac2cbd77bfe025e884d0aa528991374",
        "type": "github"
      },
      "original": {
        "owner": "gmodena",
        "ref": "latest",
        "repo": "nix-flatpak",
        "type": "github"
      }
    },
    "nixpkgs": {
      "locked": {
        "lastModified": 1787374233,
        "narHash": "sha256-VZY8AkhbcDhxBSXsdUlHK7oS8ez5nJ2vzYzkkNI35ok=",
        "owner": "NixOS",
        "repo": "nixpkgs",
        "rev": "731960f9bf65e7df135092590b2aa2f1407dcf0f",
        "type": "github"
      },
      "original": {
        "owner": "NixOS",
        "ref": "nixos-unstable-small",
        "repo": "nixpkgs",
        "type": "github"
      }
    },
    "nixpkgs-lib": {
      "locked": {
        "lastModified": 1785031560,
        "narHash": "sha256-OmshNvn2vupOFpYinLUu+1Dnpu4n7Q5N3ggGVNHpkUI=",
        "owner": "nix-community",
        "repo": "nixpkgs.lib",
        "rev": "0e79af5e3d4dcfcd676ab5ba3f95d2e3352e078c",
        "type": "github"
      },
      "original": {
        "owner": "nix-community",
        "repo": "nixpkgs.lib",
        "type": "github"
      }
    },
    "nixpkgs_2": {
      "locked": {
        "lastModified": 1787360063,
        "narHash": "sha256-dt4WdcvsA8/RCe+VZZwqU0X+XMM3wBbGCWA0/sFWzGo=",
        "owner": "nixos",
        "repo": "nixpkgs",
        "rev": "2c423e03bbafcff28bfadc6781a4a8257f205cb5",
        "type": "github"
      },
      "original": {
        "owner": "nixos",
        "ref": "nixos-unstable",
        "repo": "nixpkgs",
        "type": "github"
      }
    },
    "paperwm": {
      "flake": false,
      "locked": {
        "lastModified": 1785427773,
        "narHash": "sha256-48k9PO5TFdQjopapVcph2kRLp10ORTAxWSqYpcclhpM=",
        "owner": "paperwm",
        "repo": "PaperWM",
        "rev": "e9362e34d163c56cd038e62ac3e16a91c95ce527",
        "type": "github"
      },
      "original": {
        "owner": "paperwm",
        "ref": "develop",
        "repo": "PaperWM",
        "type": "github"
      }
    },
    "pre-commit": {
      "inputs": {
        "flake-compat": "flake-compat",
        "gitignore": "gitignore",
        "nixpkgs": [
          "lanzaboote",
          "nixpkgs"
        ]
      },
      "locked": {
        "lastModified": 1781733627,
        "narHash": "sha256-U3yTuGBnmXvXoQI3qkpfEDsn9RovQPAjN7ndRco+3u0=",
        "owner": "cachix",
        "repo": "pre-commit-hooks.nix",
        "rev": "3bbec39bc90eadfa031e6f3b77272f3f60803e39",
        "type": "github"
      },
      "original": {
        "owner": "cachix",
        "repo": "pre-commit-hooks.nix",
        "type": "github"
      }
    },
    "root": {
      "inputs": {
        "bazaar-companion": "bazaar-companion",
        "cli": "cli",
        "dotfiles": "dotfiles",
        "gnomad": "gnomad",
        "gradia-capture": "gradia-capture",
        "home-manager": "home-manager",
        "lanzaboote": "lanzaboote",
        "nix-cachyos-kernel": "nix-cachyos-kernel",
        "nix-flatpak": "nix-flatpak",
        "nixpkgs": "nixpkgs_2",
        "paperwm": "paperwm"
      }
    },
    "rust-overlay": {
      "inputs": {
        "nixpkgs": [
          "lanzaboote",
          "nixpkgs"
        ]
      },
      "locked": {
        "lastModified": 1782012058,
        "narHash": "sha256-9mWUnReOUXfKjZuJAL/bAFH3LUyECTRtXgSNVjRw3UY=",
        "owner": "oxalica",
        "repo": "rust-overlay",
        "rev": "8534567325bd8a8d2928e6afd81e0a87d19efd3c",
        "type": "github"
      },
      "original": {
        "owner": "oxalica",
        "repo": "rust-overlay",
        "type": "github"
      }
    }
  },
  "root": "root",
  "version": 7
}
